// !$*UTF8*$!
{
	archiveVersion = 1;
	classes = {
	};
	objectVersion = 56;
	objects = {

/* Begin PBXBuildFile section */
		5AC3AED12C0BD1080039194F /* Pythagorean_DnDApp.swift in Sources */ = {isa = PBXBuildFile; fileRef = 5AC3AED02C0BD1080039194F /* Pythagorean_DnDApp.swift */; };
		5AC3AED32C0BD1080039194F /* ContentView.swift in Sources */ = {isa = PBXBuildFile; fileRef = 5AC3AED22C0BD1080039194F /* ContentView.swift */; };
		5AC3AED52C0BD1090039194F /* Assets.xcassets in Resources */ = {isa = PBXBuildFile; fileRef = 5AC3AED42C0BD1090039194F /* Assets.xcassets */; };
		5AC3AED82C0BD1090039194F /* Preview Assets.xcassets in Resources */ = {isa = PBXBuildFile; fileRef = 5AC3AED72C0BD1090039194F /* Preview Assets.xcassets */; };
		5AC3AEE22C0BD1090039194F /* Pythagorean_DnDTests.swift in Sources */ = {isa = PBXBuildFile; fileRef = 5AC3AEE12C0BD1090039194F /* Pythagorean_DnDTests.swift */; };
		5AC3AEEC2C0BD1090039194F /* Pythagorean_DnDUITests.swift in Sources */ = {isa = PBXBuildFile; fileRef = 5AC3AEEB2C0BD1090039194F /* Pythagorean_DnDUITests.swift */; };
		5AC3AEEE2C0BD1090039194F /* Pythagorean_DnDUITestsLaunchTests.swift in Sources */ = {isa = PBXBuildFile; fileRef = 5AC3AEED2C0BD1090039194F /* Pythagorean_DnDUITestsLaunchTests.swift */; };
/* End PBXBuildFile section */

/* Begin PBXContainerItemProxy section */
		5AC3AEDE2C0BD1090039194F /* PBXContainerItemProxy */ = {
			isa = PBXContainerItemProxy;
			containerPortal = 5AC3AEC52C0BD1080039194F /* Project object */;
			proxyType = 1;
			remoteGlobalIDString = 5AC3AECC2C0BD1080039194F;
			remoteInfo = "Pythagorean-DnD";
		};
		5AC3AEE82C0BD1090039194F /* PBXContainerItemProxy */ = {
			isa = PBXContainerItemProxy;
			containerPortal = 5AC3AEC52C0BD1080039194F /* Project object */;
			proxyType = 1;
			remoteGlobalIDString = 5AC3AECC2C0BD1080039194F;
			remoteInfo = "Pythagorean-DnD";
		};
/* End PBXContainerItemProxy section */

/* Begin PBXFileReference section */
		5AC3AECD2C0BD1080039194F /* Pythagorean-DnD.app */ = {isa = PBXFileReference; explicitFileType = wrapper.application; includeInIndex = 0; path = "Pythagorean-DnD.app"; sourceTree = BUILT_PRODUCTS_DIR; };
		5AC3AED02C0BD1080039194F /* Pythagorean_DnDApp.swift */ = {isa = PBXFileReference; lastKnownFileType = sourcecode.swift; path = Pythagorean_DnDApp.swift; sourceTree = "<group>"; };
		5AC3AED22C0BD1080039194F /* ContentView.swift */ = {isa = PBXFileReference; lastKnownFileType = sourcecode.swift; path = ContentView.swift; sourceTree = "<group>"; };
		5AC3AED42C0BD1090039194F /* Assets.xcassets */ = {isa = PBXFileReference; lastKnownFileType = folder.assetcatalog; path = Assets.xcassets; sourceTree = "<group>"; };
		5AC3AED72C0BD1090039194F /* Preview Assets.xcassets */ = {isa = PBXFileReference; lastKnownFileType = folder.assetcatalog; path = "Preview Assets.xcassets"; sourceTree = "<group>"; };
		5AC3AEDD2C0BD1090039194F /* Pythagorean-DnDTests.xctest */ = {isa = PBXFileReference; explicitFileType = wrapper.cfbundle; includeInIndex = 0; path = "Pythagorean-DnDTests.xctest"; sourceTree = BUILT_PRODUCTS_DIR; };
		5AC3AEE12C0BD1090039194F /* Pythagorean_DnDTests.swift */ = {isa = PBXFileReference; lastKnownFileType = sourcecode.swift; path = Pythagorean_DnDTests.swift; sourceTree = "<group>"; };
		5AC3AEE72C0BD1090039194F /* Pythagorean-DnDUITests.xctest */ = {isa = PBXFileReference; explicitFileType = wrapper.cfbundle; includeInIndex = 0; path = "Pythagorean-DnDUITests.xctest"; sourceTree = BUILT_PRODUCTS_DIR; };
		5AC3AEEB2C0BD1090039194F /* Pythagorean_DnDUITests.swift */ = {isa = PBXFileReference; lastKnownFileType = sourcecode.swift; path = Pythagorean_DnDUITests.swift; sourceTree = "<group>"; };
		5AC3AEED2C0BD1090039194F /* Pythagorean_DnDUITestsLaunchTests.swift */ = {isa = PBXFileReference; lastKnownFileType = sourcecode.swift; path = Pythagorean_DnDUITestsLaunchTests.swift; sourceTree = "<group>"; };
/* End PBXFileReference section */

/* Begin PBXFrameworksBuildPhase section */
		5AC3AECA2C0BD1080039194F /* Frameworks */ = {
			isa = PBXFrameworksBuildPhase;
			buildActionMask = 2147483647;
			files = (
			);
			runOnlyForDeploymentPostprocessing = 0;
		};
		5AC3AEDA2C0BD1090039194F /* Frameworks */ = {
			isa = PBXFrameworksBuildPhase;
			buildActionMask = 2147483647;
			files = (
			);
			runOnlyForDeploymentPostprocessing = 0;
		};
		5AC3AEE42C0BD1090039194F /* Frameworks */ = {
			isa = PBXFrameworksBuildPhase;
			buildActionMask = 2147483647;
			files = (
			);
			runOnlyForDeploymentPostprocessing = 0;
		};
/* End PBXFrameworksBuildPhase section */

/* Begin PBXGroup section */
		5AC3AEC42C0BD1080039194F = {
			isa = PBXGroup;
			children = (
				5AC3AECF2C0BD1080039194F /* Pythagorean-DnD */,
				5AC3AEE02C0BD1090039194F /* Pythagorean-DnDTests */,
				5AC3AEEA2C0BD1090039194F /* Pythagorean-DnDUITests */,
				5AC3AECE2C0BD1080039194F /* Products */,
			);
			sourceTree = "<group>";
		};
		5AC3AECE2C0BD1080039194F /* Products */ = {
			isa = PBXGroup;
			children = (
				5AC3AECD2C0BD1080039194F /* Pythagorean-DnD.app */,
				5AC3AEDD2C0BD1090039194F /* Pythagorean-DnDTests.xctest */,
				5AC3AEE72C0BD1090039194F /* Pythagorean-DnDUITests.xctest */,
			);
			name = Products;
			sourceTree = "<group>";
		};
		5AC3AECF2C0BD1080039194F /* Pythagorean-DnD */ = {
			isa = PBXGroup;
			children = (
				5AC3AED02C0BD1080039194F /* Pythagorean_DnDApp.swift */,
				5AC3AED22C0BD1080039194F /* ContentView.swift */,
				5AC3AED42C0BD1090039194F /* Assets.xcassets */,
				5AC3AED62C0BD1090039194F /* Preview Content */,
			);
			path = "Pythagorean-DnD";
			sourceTree = "<group>";
		};
		5AC3AED62C0BD1090039194F /* Preview Content */ = {
			isa = PBXGroup;
			children = (
				5AC3AED72C0BD1090039194F /* Preview Assets.xcassets */,
			);
			path = "Preview Content";
			sourceTree = "<group>";
		};
		5AC3AEE02C0BD1090039194F /* Pythagorean-DnDTests */ = {
			isa = PBXGroup;
			children = (
				5AC3AEE12C0BD1090039194F /* Pythagorean_DnDTests.swift */,
			);
			path = "Pythagorean-DnDTests";
			sourceTree = "<group>";
		};
		5AC3AEEA2C0BD1090039194F /* Pythagorean-DnDUITests */ = {
			isa = PBXGroup;
			children = (
				5AC3AEEB2C0BD1090039194F /* Pythagorean_DnDUITests.swift */,
				5AC3AEED2C0BD1090039194F /* Pythagorean_DnDUITestsLaunchTests.swift */,
			);
			path = "Pythagorean-DnDUITests";
			sourceTree = "<group>";
		};
/* End PBXGroup section */

/* Begin PBXNativeTarget section */
		5AC3AECC2C0BD1080039194F /* Pythagorean-DnD */ = {
			isa = PBXNativeTarget;
			buildConfigurationList = 5AC3AEF12C0BD1090039194F /* Build configuration list for PBXNativeTarget "Pythagorean-DnD" */;
			buildPhases = (
				5AC3AEC92C0BD1080039194F /* Sources */,
				5AC3AECA2C0BD1080039194F /* Frameworks */,
				5AC3AECB2C0BD1080039194F /* Resources */,
			);
			buildRules = (
			);
			dependencies = (
			);
			name = "Pythagorean-DnD";
			productName = "Pythagorean-DnD";
			productReference = 5AC3AECD2C0BD1080039194F /* Pythagorean-DnD.app */;
			productType = "com.apple.product-type.application";
		};
		5AC3AEDC2C0BD1090039194F /* Pythagorean-DnDTests */ = {
			isa = PBXNativeTarget;
			buildConfigurationList = 5AC3AEF42C0BD1090039194F /* Build configuration list for PBXNativeTarget "Pythagorean-DnDTests" */;
			buildPhases = (
				5AC3AED92C0BD1090039194F /* Sources */,
				5AC3AEDA2C0BD1090039194F /* Frameworks */,
				5AC3AEDB2C0BD1090039194F /* Resources */,
			);
			buildRules = (
			);
			dependencies = (
				5AC3AEDF2C0BD1090039194F /* PBXTargetDependency */,
			);
			name = "Pythagorean-DnDTests";
			productName = "Pythagorean-DnDTests";
			productReference = 5AC3AEDD2C0BD1090039194F /* Pythagorean-DnDTests.xctest */;
			productType = "com.apple.product-type.bundle.unit-test";
		};
		5AC3AEE62C0BD1090039194F /* Pythagorean-DnDUITests */ = {
			isa = PBXNativeTarget;
			buildConfigurationList = 5AC3AEF72C0BD1090039194F /* Build configuration list for PBXNativeTarget "Pythagorean-DnDUITests" */;
			buildPhases = (
				5AC3AEE32C0BD1090039194F /* Sources */,
				5AC3AEE42C0BD1090039194F /* Frameworks */,
				5AC3AEE52C0BD1090039194F /* Resources */,
			);
			buildRules = (
			);
			dependencies = (
				5AC3AEE92C0BD1090039194F /* PBXTargetDependency */,
			);
			name = "Pythagorean-DnDUITests";
			productName = "Pythagorean-DnDUITests";
			productReference = 5AC3AEE72C0BD1090039194F /* Pythagorean-DnDUITests.xctest */;
			productType = "com.apple.product-type.bundle.ui-testing";
		};
/* End PBXNativeTarget section */

/* Begin PBXProject section */
		5AC3AEC52C0BD1080039194F /* Project object */ = {
			isa = PBXProject;
			attributes = {
				BuildIndependentTargetsInParallel = 1;
				LastSwiftUpdateCheck = 1540;
				LastUpgradeCheck = 1540;
				TargetAttributes = {
					5AC3AECC2C0BD1080039194F = {
						CreatedOnToolsVersion = 15.4;
					};
					5AC3AEDC2C0BD1090039194F = {
						CreatedOnToolsVersion = 15.4;
						TestTargetID = 5AC3AECC2C0BD1080039194F;
					};
					5AC3AEE62C0BD1090039194F = {
						CreatedOnToolsVersion = 15.4;
						TestTargetID = 5AC3AECC2C0BD1080039194F;
					};
				};
			};
			buildConfigurationList = 5AC3AEC82C0BD1080039194F /* Build configuration list for PBXProject "Pythagorean-DnD" */;
			compatibilityVersion = "Xcode 14.0";
			developmentRegion = en;
			hasScannedForEncodings = 0;
			knownRegions = (
				en,
				Base,
			);
			mainGroup = 5AC3AEC42C0BD1080039194F;
			productRefGroup = 5AC3AECE2C0BD1080039194F /* Products */;
			projectDirPath = "";
			projectRoot = "";
			targets = (
				5AC3AECC2C0BD1080039194F /* Pythagorean-DnD */,
				5AC3AEDC2C0BD1090039194F /* Pythagorean-DnDTests */,
				5AC3AEE62C0BD1090039194F /* Pythagorean-DnDUITests */,
			);
		};
/* End PBXProject section */

/* Begin PBXResourcesBuildPhase section */
		5AC3AECB2C0BD1080039194F /* Resources */ = {
			isa = PBXResourcesBuildPhase;
			buildActionMask = 2147483647;
			files = (
				5AC3AED82C0BD1090039194F /* Preview Assets.xcassets in Resources */,
				5AC3AED52C0BD1090039194F /* Assets.xcassets in Resources */,
			);
			runOnlyForDeploymentPostprocessing = 0;
		};
		5AC3AEDB2C0BD1090039194F /* Resources */ = {
			isa = PBXResourcesBuildPhase;
			buildActionMask = 2147483647;
			files = (
			);
			runOnlyForDeploymentPostprocessing = 0;
		};
		5AC3AEE52C0BD1090039194F /* Resources */ = {
			isa = PBXResourcesBuildPhase;
			buildActionMask = 2147483647;
			files = (
			);
			runOnlyForDeploymentPostprocessing = 0;
		};
/* End PBXResourcesBuildPhase section */

/* Begin PBXSourcesBuildPhase section */
		5AC3AEC92C0BD1080039194F /* Sources */ = {
			isa = PBXSourcesBuildPhase;
			buildActionMask = 2147483647;
			files = (
				5AC3AED32C0BD1080039194F /* ContentView.swift in Sources */,
				5AC3AED12C0BD1080039194F /* Pythagorean_DnDApp.swift in Sources */,
			);
			runOnlyForDeploymentPostprocessing = 0;
		};
		5AC3AED92C0BD1090039194F /* Sources */ = {
			isa = PBXSourcesBuildPhase;
			buildActionMask = 2147483647;
			files = (
				5AC3AEE22C0BD1090039194F /* Pythagorean_DnDTests.swift in Sources */,
			);
			runOnlyForDeploymentPostprocessing = 0;
		};
		5AC3AEE32C0BD1090039194F /* Sources */ = {
			isa = PBXSourcesBuildPhase;
			buildActionMask = 2147483647;
			files = (
				5AC3AEEE2C0BD1090039194F /* Pythagorean_DnDUITestsLaunchTests.swift in Sources */,
				5AC3AEEC2C0BD1090039194F /* Pythagorean_DnDUITests.swift in Sources */,
			);
			runOnlyForDeploymentPostprocessing = 0;
		};
/* End PBXSourcesBuildPhase section */

/* Begin PBXTargetDependency section */
		5AC3AEDF2C0BD1090039194F /* PBXTargetDependency */ = {
			isa = PBXTargetDependency;
			target = 5AC3AECC2C0BD1080039194F /* Pythagorean-DnD */;
			targetProxy = 5AC3AEDE2C0BD1090039194F /* PBXContainerItemProxy */;
		};
		5AC3AEE92C0BD1090039194F /* PBXTargetDependency */ = {
			isa = PBXTargetDependency;
			target = 5AC3AECC2C0BD1080039194F /* Pythagorean-DnD */;
			targetProxy = 5AC3AEE82C0BD1090039194F /* PBXContainerItemProxy */;
		};
/* End PBXTargetDependency section */

/* Begin XCBuildConfiguration section */
		5AC3AEEF2C0BD1090039194F /* Debug */ = {
			isa = XCBuildConfiguration;
			buildSettings = {
				ALWAYS_SEARCH_USER_PATHS = NO;
				ASSETCATALOG_COMPILER_GENERATE_SWIFT_ASSET_SYMBOL_EXTENSIONS = YES;
				CLANG_ANALYZER_NONNULL = YES;
				CLANG_ANALYZER_NUMBER_OBJECT_CONVERSION = YES_AGGRESSIVE;
				CLANG_CXX_LANGUAGE_STANDARD = "gnu++20";
				CLANG_ENABLE_MODULES = YES;
				CLANG_ENABLE_OBJC_ARC = YES;
				CLANG_ENABLE_OBJC_WEAK = YES;
				CLANG_WARN_BLOCK_CAPTURE_AUTORELEASING = YES;
				CLANG_WARN_BOOL_CONVERSION = YES;
				CLANG_WARN_COMMA = YES;
				CLANG_WARN_CONSTANT_CONVERSION = YES;
				CLANG_WARN_DEPRECATED_OBJC_IMPLEMENTATIONS = YES;
				CLANG_WARN_DIRECT_OBJC_ISA_USAGE = YES_ERROR;
				CLANG_WARN_DOCUMENTATION_COMMENTS = YES;
				CLANG_WARN_EMPTY_BODY = YES;
				CLANG_WARN_ENUM_CONVERSION = YES;
				CLANG_WARN_INFINITE_RECURSION = YES;
				CLANG_WARN_INT_CONVERSION = YES;
				CLANG_WARN_NON_LITERAL_NULL_CONVERSION = YES;
				CLANG_WARN_OBJC_IMPLICIT_RETAIN_SELF = YES;
				CLANG_WARN_OBJC_LITERAL_CONVERSION = YES;
				CLANG_WARN_OBJC_ROOT_CLASS = YES_ERROR;
				CLANG_WARN_QUOTED_INCLUDE_IN_FRAMEWORK_HEADER = YES;
				CLANG_WARN_RANGE_LOOP_ANALYSIS = YES;
				CLANG_WARN_STRICT_PROTOTYPES = YES;
				CLANG_WARN_SUSPICIOUS_MOVE = YES;
				CLANG_WARN_UNGUARDED_AVAILABILITY = YES_AGGRESSIVE;
				CLANG_WARN_UNREACHABLE_CODE = YES;
				CLANG_WARN__DUPLICATE_METHOD_MATCH = YES;
				COPY_PHASE_STRIP = NO;
				DEBUG_INFORMATION_FORMAT = dwarf;
				ENABLE_STRICT_OBJC_MSGSEND = YES;
				ENABLE_TESTABILITY = YES;
				ENABLE_USER_SCRIPT_SANDBOXING = YES;
				GCC_C_LANGUAGE_STANDARD = gnu17;
				GCC_DYNAMIC_NO_PIC = NO;
				GCC_NO_COMMON_BLOCKS = YES;
				GCC_OPTIMIZATION_LEVEL = 0;
				GCC_PREPROCESSOR_DEFINITIONS = (
					"DEBUG=1",
					"$(inherited)",
				);
				GCC_WARN_64_TO_32_BIT_CONVERSION = YES;
				GCC_WARN_ABOUT_RETURN_TYPE = YES_ERROR;
				GCC_WARN_UNDECLARED_SELECTOR = YES;
				GCC_WARN_UNINITIALIZED_AUTOS = YES_AGGRESSIVE;
				GCC_WARN_UNUSED_FUNCTION = YES;
				GCC_WARN_UNUSED_VARIABLE = YES;
				IPHONEOS_DEPLOYMENT_TARGET = 17.5;
				LOCALIZATION_PREFERS_STRING_CATALOGS = YES;
				MTL_ENABLE_DEBUG_INFO = INCLUDE_SOURCE;
				MTL_FAST_MATH = YES;
				ONLY_ACTIVE_ARCH = YES;
				SDKROOT = iphoneos;
				SWIFT_ACTIVE_COMPILATION_CONDITIONS = "DEBUG $(inherited)";
				SWIFT_OPTIMIZATION_LEVEL = "-Onone";
			};
			name = Debug;
		};
		5AC3AEF02C0BD1090039194F /* Release */ = {
			isa = XCBuildConfiguration;
			buildSettings = {
				ALWAYS_SEARCH_USER_PATHS = NO;
				ASSETCATALOG_COMPILER_GENERATE_SWIFT_ASSET_SYMBOL_EXTENSIONS = YES;
				CLANG_ANALYZER_NONNULL = YES;
				CLANG_ANALYZER_NUMBER_OBJECT_CONVERSION = YES_AGGRESSIVE;
				CLANG_CXX_LANGUAGE_STANDARD = "gnu++20";
				CLANG_ENABLE_MODULES = YES;
				CLANG_ENABLE_OBJC_ARC = YES;
				CLANG_ENABLE_OBJC_WEAK = YES;
				CLANG_WARN_BLOCK_CAPTURE_AUTORELEASING = YES;
				CLANG_WARN_BOOL_CONVERSION = YES;
				CLANG_WARN_COMMA = YES;
				CLANG_WARN_CONSTANT_CONVERSION = YES;
				CLANG_WARN_DEPRECATED_OBJC_IMPLEMENTATIONS = YES;
				CLANG_WARN_DIRECT_OBJC_ISA_USAGE = YES_ERROR;
				CLANG_WARN_DOCUMENTATION_COMMENTS = YES;
				CLANG_WARN_EMPTY_BODY = YES;
				CLANG_WARN_ENUM_CONVERSION = YES;
				CLANG_WARN_INFINITE_RECURSION = YES;
				CLANG_WARN_INT_CONVERSION = YES;
				CLANG_WARN_NON_LITERAL_NULL_CONVERSION = YES;
				CLANG_WARN_OBJC_IMPLICIT_RETAIN_SELF = YES;
				CLANG_WARN_OBJC_LITERAL_CONVERSION = YES;
				CLANG_WARN_OBJC_ROOT_CLASS = YES_ERROR;
				CLANG_WARN_QUOTED_INCLUDE_IN_FRAMEWORK_HEADER = YES;
				CLANG_WARN_RANGE_LOOP_ANALYSIS = YES;
				CLANG_WARN_STRICT_PROTOTYPES = YES;
				CLANG_WARN_SUSPICIOUS_MOVE = YES;
				CLANG_WARN_UNGUARDED_AVAILABILITY = YES_AGGRESSIVE;
				CLANG_WARN_UNREACHABLE_CODE = YES;
				CLANG_WARN__DUPLICATE_METHOD_MATCH = YES;
				COPY_PHASE_STRIP = NO;
				DEBUG_INFORMATION_FORMAT = "dwarf-with-dsym";
				ENABLE_NS_ASSERTIONS = NO;
				ENABLE_STRICT_OBJC_MSGSEND = YES;
				ENABLE_USER_SCRIPT_SANDBOXING = YES;
				GCC_C_LANGUAGE_STANDARD = gnu17;
				GCC_NO_COMMON_BLOCKS = YES;
				GCC_WARN_64_TO_32_BIT_CONVERSION = YES;
				GCC_WARN_ABOUT_RETURN_TYPE = YES_ERROR;
				GCC_WARN_UNDECLARED_SELECTOR = YES;
				GCC_WARN_UNINITIALIZED_AUTOS = YES_AGGRESSIVE;
				GCC_WARN_UNUSED_FUNCTION = YES;
				GCC_WARN_UNUSED_VARIABLE = YES;
				IPHONEOS_DEPLOYMENT_TARGET = 17.5;
				LOCALIZATION_PREFERS_STRING_CATALOGS = YES;
				MTL_ENABLE_DEBUG_INFO = NO;
				MTL_FAST_MATH = YES;
				SDKROOT = iphoneos;
				SWIFT_COMPILATION_MODE = wholemodule;
				VALIDATE_PRODUCT = YES;
			};
			name = Release;
		};
		5AC3AEF22C0BD1090039194F /* Debug */ = {
			isa = XCBuildConfiguration;
			buildSettings = {
				ASSETCATALOG_COMPILER_APPICON_NAME = AppIcon;
				ASSETCATALOG_COMPILER_GLOBAL_ACCENT_COLOR_NAME = AccentColor;
				CODE_SIGN_STYLE = Automatic;
				CURRENT_PROJECT_VERSION = 1;
				DEVELOPMENT_ASSET_PATHS = "\"Pythagorean-DnD/Preview Content\"";
				ENABLE_PREVIEWS = YES;
				GENERATE_INFOPLIST_FILE = YES;
				INFOPLIST_KEY_UIApplicationSceneManifest_Generation = YES;
				INFOPLIST_KEY_UIApplicationSupportsIndirectInputEvents = YES;
				INFOPLIST_KEY_UILaunchScreen_Generation = YES;
				INFOPLIST_KEY_UISupportedInterfaceOrientations_iPad = "UIInterfaceOrientationPortrait UIInterfaceOrientationPortraitUpsideDown UIInterfaceOrientationLandscapeLeft UIInterfaceOrientationLandscapeRight";
				INFOPLIST_KEY_UISupportedInterfaceOrientations_iPhone = "UIInterfaceOrientationPortrait UIInterfaceOrientationLandscapeLeft UIInterfaceOrientationLandscapeRight";
				LD_RUNPATH_SEARCH_PATHS = (
					"$(inherited)",
					"@executable_path/Frameworks",
				);
				MARKETING_VERSION = 1.0;
				PRODUCT_BUNDLE_IDENTIFIER = "iclyn.Pythagorean-DnD";
				PRODUCT_NAME = "$(TARGET_NAME)";
				SWIFT_EMIT_LOC_STRINGS = YES;
				SWIFT_VERSION = 5.0;
				TARGETED_DEVICE_FAMILY = "1,2";
			};
			name = Debug;
		};
		5AC3AEF32C0BD1090039194F /* Release */ = {
			isa = XCBuildConfiguration;
			buildSettings = {
				ASSETCATALOG_COMPILER_APPICON_NAME = AppIcon;
				ASSETCATALOG_COMPILER_GLOBAL_ACCENT_COLOR_NAME = AccentColor;
				CODE_SIGN_STYLE = Automatic;
				CURRENT_PROJECT_VERSION = 1;
				DEVELOPMENT_ASSET_PATHS = "\"Pythagorean-DnD/Preview Content\"";
				ENABLE_PREVIEWS = YES;
				GENERATE_INFOPLIST_FILE = YES;
				INFOPLIST_KEY_UIApplicationSceneManifest_Generation = YES;
				INFOPLIST_KEY_UIApplicationSupportsIndirectInputEvents = YES;
				INFOPLIST_KEY_UILaunchScreen_Generation = YES;
				INFOPLIST_KEY_UISupportedInterfaceOrientations_iPad = "UIInterfaceOrientationPortrait UIInterfaceOrientationPortraitUpsideDown UIInterfaceOrientationLandscapeLeft UIInterfaceOrientationLandscapeRight";
				INFOPLIST_KEY_UISupportedInterfaceOrientations_iPhone = "UIInterfaceOrientationPortrait UIInterfaceOrientationLandscapeLeft UIInterfaceOrientationLandscapeRight";
				LD_RUNPATH_SEARCH_PATHS = (
					"$(inherited)",
					"@executable_path/Frameworks",
				);
				MARKETING_VERSION = 1.0;
				PRODUCT_BUNDLE_IDENTIFIER = "iclyn.Pythagorean-DnD";
				PRODUCT_NAME = "$(TARGET_NAME)";
				SWIFT_EMIT_LOC_STRINGS = YES;
				SWIFT_VERSION = 5.0;
				TARGETED_DEVICE_FAMILY = "1,2";
			};
			name = Release;
		};
		5AC3AEF52C0BD1090039194F /* Debug */ = {
			isa = XCBuildConfiguration;
			buildSettings = {
				ALWAYS_EMBED_SWIFT_STANDARD_LIBRARIES = YES;
				BUNDLE_LOADER = "$(TEST_HOST)";
				CODE_SIGN_STYLE = Automatic;
				CURRENT_PROJECT_VERSION = 1;
				GENERATE_INFOPLIST_FILE = YES;
				IPHONEOS_DEPLOYMENT_TARGET = 17.5;
				MARKETING_VERSION = 1.0;
				PRODUCT_BUNDLE_IDENTIFIER = "iclyn.Pythagorean-DnDTests";
				PRODUCT_NAME = "$(TARGET_NAME)";
				SWIFT_EMIT_LOC_STRINGS = NO;
				SWIFT_VERSION = 5.0;
				TARGETED_DEVICE_FAMILY = "1,2";
				TEST_HOST = "$(BUILT_PRODUCTS_DIR)/Pythagorean-DnD.app/$(BUNDLE_EXECUTABLE_FOLDER_PATH)/Pythagorean-DnD";
			};
			name = Debug;
		};
		5AC3AEF62C0BD1090039194F /* Release */ = {
			isa = XCBuildConfiguration;
			buildSettings = {
				ALWAYS_EMBED_SWIFT_STANDARD_LIBRARIES = YES;
				BUNDLE_LOADER = "$(TEST_HOST)";
				CODE_SIGN_STYLE = Automatic;
				CURRENT_PROJECT_VERSION = 1;
				GENERATE_INFOPLIST_FILE = YES;
				IPHONEOS_DEPLOYMENT_TARGET = 17.5;
				MARKETING_VERSION = 1.0;
				PRODUCT_BUNDLE_IDENTIFIER = "iclyn.Pythagorean-DnDTests";
				PRODUCT_NAME = "$(TARGET_NAME)";
				SWIFT_EMIT_LOC_STRINGS = NO;
				SWIFT_VERSION = 5.0;
				TARGETED_DEVICE_FAMILY = "1,2";
				TEST_HOST = "$(BUILT_PRODUCTS_DIR)/Pythagorean-DnD.app/$(BUNDLE_EXECUTABLE_FOLDER_PATH)/Pythagorean-DnD";
			};
			name = Release;
		};
		5AC3AEF82C0BD1090039194F /* Debug */ = {
			isa = XCBuildConfiguration;
			buildSettings = {
				ALWAYS_EMBED_SWIFT_STANDARD_LIBRARIES = YES;
				CODE_SIGN_STYLE = Automatic;
				CURRENT_PROJECT_VERSION = 1;
				GENERATE_INFOPLIST_FILE = YES;
				MARKETING_VERSION = 1.0;
				PRODUCT_BUNDLE_IDENTIFIER = "iclyn.Pythagorean-DnDUITests";
				PRODUCT_NAME = "$(TARGET_NAME)";
				SWIFT_EMIT_LOC_STRINGS = NO;
				SWIFT_VERSION = 5.0;
				TARGETED_DEVICE_FAMILY = "1,2";
				TEST_TARGET_NAME = "Pythagorean-DnD";
			};
			name = Debug;
		};
		5AC3AEF92C0BD1090039194F /* Release */ = {
			isa = XCBuildConfiguration;
			buildSettings = {
				ALWAYS_EMBED_SWIFT_STANDARD_LIBRARIES = YES;
				CODE_SIGN_STYLE = Automatic;
				CURRENT_PROJECT_VERSION = 1;
				GENERATE_INFOPLIST_FILE = YES;
				MARKETING_VERSION = 1.0;
				PRODUCT_BUNDLE_IDENTIFIER = "iclyn.Pythagorean-DnDUITests";
				PRODUCT_NAME = "$(TARGET_NAME)";
				SWIFT_EMIT_LOC_STRINGS = NO;
				SWIFT_VERSION = 5.0;
				TARGETED_DEVICE_FAMILY = "1,2";
				TEST_TARGET_NAME = "Pythagorean-DnD";
			};
			name = Release;
		};
/* End XCBuildConfiguration section */

/* Begin XCConfigurationList section */
		5AC3AEC82C0BD1080039194F /* Build configuration list for PBXProject "Pythagorean-DnD" */ = {
			isa = XCConfigurationList;
			buildConfigurations = (
				5AC3AEEF2C0BD1090039194F /* Debug */,
				5AC3AEF02C0BD1090039194F /* Release */,
			);
			defaultConfigurationIsVisible = 0;
			defaultConfigurationName = Release;
		};
		5AC3AEF12C0BD1090039194F /* Build configuration list for PBXNativeTarget "Pythagorean-DnD" */ = {
			isa = XCConfigurationList;
			buildConfigurations = (
				5AC3AEF22C0BD1090039194F /* Debug */,
				5AC3AEF32C0BD1090039194F /* Release */,
			);
			defaultConfigurationIsVisible = 0;
			defaultConfigurationName = Release;
		};
		5AC3AEF42C0BD1090039194F /* Build configuration list for PBXNativeTarget "Pythagorean-DnDTests" */ = {
			isa = XCConfigurationList;
			buildConfigurations = (
				5AC3AEF52C0BD1090039194F /* Debug */,
				5AC3AEF62C0BD1090039194F /* Release */,
			);
			defaultConfigurationIsVisible = 0;
			defaultConfigurationName = Release;
		};
		5AC3AEF72C0BD1090039194F /* Build configuration list for PBXNativeTarget "Pythagorean-DnDUITests" */ = {
			isa = XCConfigurationList;
			buildConfigurations = (
				5AC3AEF82C0BD1090039194F /* Debug */,
				5AC3AEF92C0BD1090039194F /* Release */,
			);
			defaultConfigurationIsVisible = 0;
			defaultConfigurationName = Release;
		};
/* End XCConfigurationList section */
	};
	rootObject = 5AC3AEC52C0BD1080039194F /* Project object */;
}
